// !$*UTF8*$!
{
	archiveVersion = 1;
	classes = {
	};
	objectVersion = 45;
	objects = {

/* Begin PBXBuildFile section */
		55030D6B0E52D2990034EDA4 /* soapC.cpp in Sources */ = {isa = PBXBuildFile; fileRef = 55030D630E52D2990034EDA4 /* soapC.cpp */; };
		55030D6C0E52D2990034EDA4 /* soapServer.cpp in Sources */ = {isa = PBXBuildFile; fileRef = 55030D670E52D2990034EDA4 /* soapServer.cpp */; };
		55030D6D0E52D2990034EDA4 /* stdsoap2.cpp in Sources */ = {isa = PBXBuildFile; fileRef = 55030D690E52D2990034EDA4 /* stdsoap2.cpp */; };
		55030D750E52D2F70034EDA4 /* servicesImpl.cpp in Sources */ = {isa = PBXBuildFile; fileRef = 55030D740E52D2F70034EDA4 /* servicesImpl.cpp */; };
		8DD76F650486A84900D96B5E /* main.cpp in Sources */ = {isa = PBXBuildFile; fileRef = 08FB7796FE84155DC02AAC07 /* main.cpp */; settings = {ATTRIBUTES = (); }; };
		8DD76F6A0486A84900D96B5E /* soapSrv.1 in CopyFiles */ = {isa = PBXBuildFile; fileRef = C6859E8B029090EE04C91782 /* soapSrv.1 */; };
/* End PBXBuildFile section */

/* Begin PBXCopyFilesBuildPhase section */
		8DD76F690486A84900D96B5E /* CopyFiles */ = {
			isa = PBXCopyFilesBuildPhase;
			buildActionMask = 8;
			dstPath = /usr/share/man/man1/;
			dstSubfolderSpec = 0;
			files = (
				8DD76F6A0486A84900D96B5E /* soapSrv.1 in CopyFiles */,
			);
			runOnlyForDeploymentPostprocessing = 1;
		};
/* End PBXCopyFilesBuildPhase section */

/* Begin PBXFileReference section */
		08FB7796FE84155DC02AAC07 /* main.cpp */ = {isa = PBXFileReference; fileEncoding = 4; lastKnownFileType = sourcecode.cpp.cpp; path = main.cpp; sourceTree = "<group>"; };
		55030D610E52D2990034EDA4 /* IMobileSoap11Binding.nsmap */ = {isa = PBXFileReference; fileEncoding = 4; lastKnownFileType = text; path = IMobileSoap11Binding.nsmap; sourceTree = "<group>"; };
		55030D620E52D2990034EDA4 /* IMobileSoap12Binding.nsmap */ = {isa = PBXFileReference; fileEncoding = 4; lastKnownFileType = text; path = IMobileSoap12Binding.nsmap; sourceTree = "<group>"; };
		55030D630E52D2990034EDA4 /* soapC.cpp */ = {isa = PBXFileReference; fileEncoding = 4; lastKnownFileType = sourcecode.cpp.cpp; path = soapC.cpp; sourceTree = "<group>"; };
		55030D640E52D2990034EDA4 /* soapH.h */ = {isa = PBXFileReference; fileEncoding = 4; lastKnownFileType = sourcecode.c.h; path = soapH.h; sourceTree = "<group>"; };
		55030D650E52D2990034EDA4 /* soapIMobileSoap11BindingObject.h */ = {isa = PBXFileReference; fileEncoding = 4; lastKnownFileType = sourcecode.c.h; path = soapIMobileSoap11BindingObject.h; sourceTree = "<group>"; };
		55030D660E52D2990034EDA4 /* soapIMobileSoap12BindingObject.h */ = {isa = PBXFileReference; fileEncoding = 4; lastKnownFileType = sourcecode.c.h; path = soapIMobileSoap12BindingObject.h; sourceTree = "<group>"; };
		55030D670E52D2990034EDA4 /* soapServer.cpp */ = {isa = PBXFileReference; fileEncoding = 4; lastKnownFileType = sourcecode.cpp.cpp; path = soapServer.cpp; sourceTree = "<group>"; };
		55030D680E52D2990034EDA4 /* soapStub.h */ = {isa = PBXFileReference; fileEncoding = 4; lastKnownFileType = sourcecode.c.h; path = soapStub.h; sourceTree = "<group>"; };
		55030D690E52D2990034EDA4 /* stdsoap2.cpp */ = {isa = PBXFileReference; fileEncoding = 4; lastKnownFileType = sourcecode.cpp.cpp; path = stdsoap2.cpp; sourceTree = "<group>"; };
		55030D6A0E52D2990034EDA4 /* stdsoap2.h */ = {isa = PBXFileReference; fileEncoding = 4; lastKnownFileType = sourcecode.c.h; path = stdsoap2.h; sourceTree = "<group>"; };
		55030D730E52D2F70034EDA4 /* servicesImpl.h */ = {isa = PBXFileReference; fileEncoding = 4; lastKnownFileType = sourcecode.c.h; path = servicesImpl.h; sourceTree = "<group>"; };
		55030D740E52D2F70034EDA4 /* servicesImpl.cpp */ = {isa = PBXFileReference; fileEncoding = 4; lastKnownFileType = sourcecode.cpp.cpp; path = servicesImpl.cpp; sourceTree = "<group>"; };
		8DD76F6C0486A84900D96B5E /* soapSrv */ = {isa = PBXFileReference; explicitFileType = "compiled.mach-o.executable"; includeInIndex = 0; path = soapSrv; sourceTree = BUILT_PRODUCTS_DIR; };
		C6859E8B029090EE04C91782 /* soapSrv.1 */ = {isa = PBXFileReference; lastKnownFileType = text.man; path = soapSrv.1; sourceTree = "<group>"; };
/* End PBXFileReference section */

/* Begin PBXFrameworksBuildPhase section */
		8DD76F660486A84900D96B5E /* Frameworks */ = {
			isa = PBXFrameworksBuildPhase;
			buildActionMask = 2147483647;
			files = (
			);
			runOnlyForDeploymentPostprocessing = 0;
		};
/* End PBXFrameworksBuildPhase section */

/* Begin PBXGroup section */
		08FB7794FE84155DC02AAC07 /* soapSrv */ = {
			isa = PBXGroup;
			children = (
				08FB7795FE84155DC02AAC07 /* Source */,
				C6859E8C029090F304C91782 /* Documentation */,
				1AB674ADFE9D54B511CA2CBB /* Products */,
			);
			name = soapSrv;
			sourceTree = "<group>";
		};
		08FB7795FE84155DC02AAC07 /* Source */ = {
			isa = PBXGroup;
			children = (
				55030D600E52D2990034EDA4 /* srvSrc */,
				08FB7796FE84155DC02AAC07 /* main.cpp */,
			);
			name = Source;
			sourceTree = "<group>";
		};
		1AB674ADFE9D54B511CA2CBB /* Products */ = {
			isa = PBXGroup;
			children = (
				8DD76F6C0486A84900D96B5E /* soapSrv */,
			);
			name = Products;
			sourceTree = "<group>";
		};
		55030D600E52D2990034EDA4 /* srvSrc */ = {
			isa = PBXGroup;
			children = (
				55030D610E52D2990034EDA4 /* IMobileSoap11Binding.nsmap */,
				55030D620E52D2990034EDA4 /* IMobileSoap12Binding.nsmap */,
				55030D630E52D2990034EDA4 /* soapC.cpp */,
				55030D640E52D2990034EDA4 /* soapH.h */,
				55030D650E52D2990034EDA4 /* soapIMobileSoap11BindingObject.h */,
				55030D660E52D2990034EDA4 /* soapIMobileSoap12BindingObject.h */,
				55030D670E52D2990034EDA4 /* soapServer.cpp */,
				55030D680E52D2990034EDA4 /* soapStub.h */,
				55030D690E52D2990034EDA4 /* stdsoap2.cpp */,
				55030D6A0E52D2990034EDA4 /* stdsoap2.h */,
				55030D730E52D2F70034EDA4 /* servicesImpl.h */,
				55030D740E52D2F70034EDA4 /* servicesImpl.cpp */,
			);
			path = srvSrc;
			sourceTree = "<group>";
		};
		C6859E8C029090F304C91782 /* Documentation */ = {
			isa = PBXGroup;
			children = (
				C6859E8B029090EE04C91782 /* soapSrv.1 */,
			);
			name = Documentation;
			sourceTree = "<group>";
		};
/* End PBXGroup section */

/* Begin PBXNativeTarget section */
		8DD76F620486A84900D96B5E /* soapSrv */ = {
			isa = PBXNativeTarget;
			buildConfigurationList = 1DEB923108733DC60010E9CD /* Build configuration list for PBXNativeTarget "soapSrv" */;
			buildPhases = (
				8DD76F640486A84900D96B5E /* Sources */,
				8DD76F660486A84900D96B5E /* Frameworks */,
				8DD76F690486A84900D96B5E /* CopyFiles */,
			);
			buildRules = (
			);
			dependencies = (
			);
			name = soapSrv;
			productInstallPath = "$(HOME)/bin";
			productName = soapSrv;
			productReference = 8DD76F6C0486A84900D96B5E /* soapSrv */;
			productType = "com.apple.product-type.tool";
		};
/* End PBXNativeTarget section */

/* Begin PBXProject section */
		08FB7793FE84155DC02AAC07 /* Project object */ = {
			isa = PBXProject;
			buildConfigurationList = 1DEB923508733DC60010E9CD /* Build configuration list for PBXProject "soapSrv" */;
			compatibilityVersion = "Xcode 3.1";
			hasScannedForEncodings = 1;
			mainGroup = 08FB7794FE84155DC02AAC07 /* soapSrv */;
			projectDirPath = "";
			projectRoot = "";
			targets = (
				8DD76F620486A84900D96B5E /* soapSrv */,
			);
		};
/* End PBXProject section */

/* Begin PBXSourcesBuildPhase section */
		8DD76F640486A84900D96B5E /* Sources */ = {
			isa = PBXSourcesBuildPhase;
			buildActionMask = 2147483647;
			files = (
				8DD76F650486A84900D96B5E /* main.cpp in Sources */,
				55030D6B0E52D2990034EDA4 /* soapC.cpp in Sources */,
				55030D6C0E52D2990034EDA4 /* soapServer.cpp in Sources */,
				55030D6D0E52D2990034EDA4 /* stdsoap2.cpp in Sources */,
				55030D750E52D2F70034EDA4 /* servicesImpl.cpp in Sources */,
			);
			runOnlyForDeploymentPostprocessing = 0;
		};
/* End PBXSourcesBuildPhase section */

/* Begin XCBuildConfiguration section */
		1DEB923208733DC60010E9CD /* Debug */ = {
			isa = XCBuildConfiguration;
			buildSettings = {
				ALWAYS_SEARCH_USER_PATHS = NO;
				COPY_PHASE_STRIP = NO;
				GCC_DYNAMIC_NO_PIC = NO;
				GCC_ENABLE_FIX_AND_CONTINUE = YES;
				GCC_MODEL_TUNING = G5;
				GCC_OPTIMIZATION_LEVEL = 0;
				GCC_PREPROCESSOR_DEFINITIONS = (
					"_GLIBCXX_DEBUG=1",
					"_GLIBCXX_DEBUG_PEDANTIC=1",
				);
				INSTALL_PATH = /usr/local/bin;
				PRODUCT_NAME = soapSrv;
			};
			name = Debug;
		};
		1DEB923308733DC60010E9CD /* Release */ = {
			isa = XCBuildConfiguration;
			buildSettings = {
				ALWAYS_SEARCH_USER_PATHS = NO;
				DEBUG_INFORMATION_FORMAT = "dwarf-with-dsym";
				GCC_MODEL_TUNING = G5;
				INSTALL_PATH = /usr/local/bin;
				PRODUCT_NAME = soapSrv;
			};
			name = Release;
		};
		1DEB923608733DC60010E9CD /* Debug */ = {
			isa = XCBuildConfiguration;
			buildSettings = {
				ARCHS = "$(ARCHS_STANDARD_32_BIT)";
				GCC_C_LANGUAGE_STANDARD = c99;
				GCC_OPTIMIZATION_LEVEL = 0;
				GCC_WARN_ABOUT_RETURN_TYPE = YES;
				GCC_WARN_UNUSED_VARIABLE = YES;
				ONLY_ACTIVE_ARCH = YES;
				OTHER_LDFLAGS = "-lsqlite3";
				PREBINDING = NO;
				SDKROOT = macosx10.5;
			};
			name = Debug;
		};
		1DEB923708733DC60010E9CD /* Release */ = {
			isa = XCBuildConfiguration;
			buildSettings = {
				ARCHS = "$(ARCHS_STANDARD_32_BIT)";
				GCC_C_LANGUAGE_STANDARD = c99;
				GCC_WARN_ABOUT_RETURN_TYPE = YES;
				GCC_WARN_UNUSED_VARIABLE = YES;
				PREBINDING = NO;
				SDKROOT = macosx10.5;
			};
			name = Release;
		};
/* End XCBuildConfiguration section */

/* Begin XCConfigurationList section */
		1DEB923108733DC60010E9CD /* Build configuration list for PBXNativeTarget "soapSrv" */ = {
			isa = XCConfigurationList;
			buildConfigurations = (
				1DEB923208733DC60010E9CD /* Debug */,
				1DEB923308733DC60010E9CD /* Release */,
			);
			defaultConfigurationIsVisible = 0;
			defaultConfigurationName = Release;
		};
		1DEB923508733DC60010E9CD /* Build configuration list for PBXProject "soapSrv" */ = {
			isa = XCConfigurationList;
			buildConfigurations = (
				1DEB923608733DC60010E9CD /* Debug */,
				1DEB923708733DC60010E9CD /* Release */,
			);
			defaultConfigurationIsVisible = 0;
			defaultConfigurationName = Release;
		};
/* End XCConfigurationList section */
	};
	rootObject = 08FB7793FE84155DC02AAC07 /* Project object */;
}
